
Microsoft Visual Studio Solution File, Format Version 12.00
# Visual Studio 15
VisualStudioVersion = 15.0.28010.2036
MinimumVisualStudioVersion = 10.0.40219.1
Project("{FAE04EC0-301F-11D3-BF4B-00C04F79EFBC}") = "Spike.Rabbitmq.Management.Client", "Spike.Rabbitmq.Management.Client\Spike.Rabbitmq.Management.Client.csproj", "{463A75C7-4472-4EB0-9CFE-2DF20EE86AA4}"
EndProject
Global
	GlobalSection(SolutionConfigurationPlatforms) = preSolution
		Debug|Any CPU = Debug|Any CPU
		Release|Any CPU = Release|Any CPU
	EndGlobalSection
	GlobalSection(ProjectConfigurationPlatforms) = postSolution
		{463A75C7-4472-4EB0-9CFE-2DF20EE86AA4}.Debug|Any CPU.ActiveCfg = Debug|Any CPU
		{463A75C7-4472-4EB0-9CFE-2DF20EE86AA4}.Debug|Any CPU.Build.0 = Debug|Any CPU
		{463A75C7-4472-4EB0-9CFE-2DF20EE86AA4}.Release|Any CPU.ActiveCfg = Release|Any CPU
		{463A75C7-4472-4EB0-9CFE-2DF20EE86AA4}.Release|Any CPU.Build.0 = Release|Any CPU
	EndGlobalSection
	GlobalSection(SolutionProperties) = preSolution
		HideSolutionNode = FALSE
	EndGlobalSection
	GlobalSection(ExtensibilityGlobals) = postSolution
		SolutionGuid = {6F0AECE6-109D-4140-884D-A229BE9AF6BB}
	EndGlobalSection
EndGlobal
